Microsoft Visual Studio Solution File, Format Version 10.00
# Visual Studio 2008
Project("{FAE04EC0-301F-11D3-BF4B-00C04F79EFBC}") = "CoyoEden.UI", "CoyoEden.UI\CoyoEden.UI.csproj", "{4F368B96-0883-4D1E-9F5D-262BA2ED7199}"
EndProject
Project("{FAE04EC0-301F-11D3-BF4B-00C04F79EFBC}") = "CoyoEden.Logic", "CoyoEden.Logic\CoyoEden.Logic.csproj", "{D081F447-38BC-4092-81B3-D349065DEEEE}"
EndProject
Project("{E24C65DC-7377-472B-9ABA-BC803B73C61A}") = "www", "www\", "{3BCDD22A-EA39-4F77-87FA-EA6F188709AF}"
	ProjectSection(WebsiteProperties) = preProject
		TargetFramework = "3.5"
		ProjectReferences = "{D081F447-38BC-4092-81B3-D349065DEEEE}|CoyoEden.Logic.dll;{01E90852-19D6-4DEB-9CEA-C05803D2371D}|CoyoEden.Core.dll;{4F368B96-0883-4D1E-9F5D-262BA2ED7199}|CoyoEden.UI.dll;"
		Debug.AspNetCompiler.VirtualPath = "/www"
		Debug.AspNetCompiler.PhysicalPath = "www\"
		Debug.AspNetCompiler.TargetPath = "PrecompiledWeb\www\"
		Debug.AspNetCompiler.Updateable = "true"
		Debug.AspNetCompiler.ForceOverwrite = "true"
		Debug.AspNetCompiler.FixedNames = "false"
		Debug.AspNetCompiler.Debug = "True"
		Release.AspNetCompiler.VirtualPath = "/www"
		Release.AspNetCompiler.PhysicalPath = "www\"
		Release.AspNetCompiler.TargetPath = "PrecompiledWeb\www\"
		Release.AspNetCompiler.Updateable = "true"
		Release.AspNetCompiler.ForceOverwrite = "true"
		Release.AspNetCompiler.FixedNames = "false"
		Release.AspNetCompiler.Debug = "False"
		VWDPort = "7909"
		VWDDynamicPort = "false"
	EndProjectSection
EndProject
Project("{2150E333-8FDC-42A3-9474-1A3956D46DE8}") = "Solution Items", "Solution Items", "{D2CD6FA3-684E-4422-9549-84A79C448433}"
	ProjectSection(SolutionItems) = preProject
		CoyoEden.snk = CoyoEden.snk
	EndProjectSection
EndProject
Project("{FAE04EC0-301F-11D3-BF4B-00C04F79EFBC}") = "CoyoEden.Core", "CoyoEden.Core\CoyoEden.Core.csproj", "{01E90852-19D6-4DEB-9CEA-C05803D2371D}"
EndProject
Project("{FAE04EC0-301F-11D3-BF4B-00C04F79EFBC}") = "CoyoEden.Tests", "CoyoEden.Tests\CoyoEden.Tests.csproj", "{2C8BB459-E403-4A8F-A4D6-39CC6438941F}"
EndProject
Project("{2150E333-8FDC-42A3-9474-1A3956D46DE8}") = "Domains", "Domains", "{643FD44F-1C94-447E-BD26-175915FAAF5B}"
EndProject
Project("{2150E333-8FDC-42A3-9474-1A3956D46DE8}") = "DataAccess", "DataAccess", "{C9AF670F-8AA0-40B9-A9BB-EE4846278DA4}"
EndProject
Project("{FAE04EC0-301F-11D3-BF4B-00C04F79EFBC}") = "CoyoEden.CoreX", "CoyoEden.XCore\CoyoEden.CoreX.csproj", "{0445EAAD-0ACB-4391-8866-35392A5A36CF}"
EndProject
Project("{FAE04EC0-301F-11D3-BF4B-00C04F79EFBC}") = "CoyoEden.DataAccess", "CoyoEden.DataAccess\CoyoEden.DataAccess.csproj", "{06A01AA6-86A3-454A-BCD5-FC124FBE8388}"
EndProject
Global
	GlobalSection(SolutionConfigurationPlatforms) = preSolution
		Debug|Any CPU = Debug|Any CPU
		Release|Any CPU = Release|Any CPU
	EndGlobalSection
	GlobalSection(ProjectConfigurationPlatforms) = postSolution
		{4F368B96-0883-4D1E-9F5D-262BA2ED7199}.Debug|Any CPU.ActiveCfg = Debug|Any CPU
		{4F368B96-0883-4D1E-9F5D-262BA2ED7199}.Debug|Any CPU.Build.0 = Debug|Any CPU
		{4F368B96-0883-4D1E-9F5D-262BA2ED7199}.Release|Any CPU.ActiveCfg = Release|Any CPU
		{4F368B96-0883-4D1E-9F5D-262BA2ED7199}.Release|Any CPU.Build.0 = Release|Any CPU
		{D081F447-38BC-4092-81B3-D349065DEEEE}.Debug|Any CPU.ActiveCfg = Debug|Any CPU
		{D081F447-38BC-4092-81B3-D349065DEEEE}.Debug|Any CPU.Build.0 = Debug|Any CPU
		{D081F447-38BC-4092-81B3-D349065DEEEE}.Release|Any CPU.ActiveCfg = Release|Any CPU
		{D081F447-38BC-4092-81B3-D349065DEEEE}.Release|Any CPU.Build.0 = Release|Any CPU
		{3BCDD22A-EA39-4F77-87FA-EA6F188709AF}.Debug|Any CPU.ActiveCfg = Debug|Any CPU
		{3BCDD22A-EA39-4F77-87FA-EA6F188709AF}.Debug|Any CPU.Build.0 = Debug|Any CPU
		{3BCDD22A-EA39-4F77-87FA-EA6F188709AF}.Release|Any CPU.ActiveCfg = Debug|Any CPU
		{3BCDD22A-EA39-4F77-87FA-EA6F188709AF}.Release|Any CPU.Build.0 = Debug|Any CPU
		{01E90852-19D6-4DEB-9CEA-C05803D2371D}.Debug|Any CPU.ActiveCfg = Debug|Any CPU
		{01E90852-19D6-4DEB-9CEA-C05803D2371D}.Debug|Any CPU.Build.0 = Debug|Any CPU
		{01E90852-19D6-4DEB-9CEA-C05803D2371D}.Release|Any CPU.ActiveCfg = Release|Any CPU
		{01E90852-19D6-4DEB-9CEA-C05803D2371D}.Release|Any CPU.Build.0 = Release|Any CPU
		{2C8BB459-E403-4A8F-A4D6-39CC6438941F}.Debug|Any CPU.ActiveCfg = Debug|Any CPU
		{2C8BB459-E403-4A8F-A4D6-39CC6438941F}.Debug|Any CPU.Build.0 = Debug|Any CPU
		{2C8BB459-E403-4A8F-A4D6-39CC6438941F}.Release|Any CPU.ActiveCfg = Release|Any CPU
		{2C8BB459-E403-4A8F-A4D6-39CC6438941F}.Release|Any CPU.Build.0 = Release|Any CPU
		{0445EAAD-0ACB-4391-8866-35392A5A36CF}.Debug|Any CPU.ActiveCfg = Debug|Any CPU
		{0445EAAD-0ACB-4391-8866-35392A5A36CF}.Debug|Any CPU.Build.0 = Debug|Any CPU
		{0445EAAD-0ACB-4391-8866-35392A5A36CF}.Release|Any CPU.ActiveCfg = Release|Any CPU
		{0445EAAD-0ACB-4391-8866-35392A5A36CF}.Release|Any CPU.Build.0 = Release|Any CPU
		{06A01AA6-86A3-454A-BCD5-FC124FBE8388}.Debug|Any CPU.ActiveCfg = Debug|Any CPU
		{06A01AA6-86A3-454A-BCD5-FC124FBE8388}.Debug|Any CPU.Build.0 = Debug|Any CPU
		{06A01AA6-86A3-454A-BCD5-FC124FBE8388}.Release|Any CPU.ActiveCfg = Release|Any CPU
		{06A01AA6-86A3-454A-BCD5-FC124FBE8388}.Release|Any CPU.Build.0 = Release|Any CPU
	EndGlobalSection
	GlobalSection(SolutionProperties) = preSolution
		HideSolutionNode = FALSE
	EndGlobalSection
	GlobalSection(NestedProjects) = preSolution
		{0445EAAD-0ACB-4391-8866-35392A5A36CF} = {643FD44F-1C94-447E-BD26-175915FAAF5B}
		{06A01AA6-86A3-454A-BCD5-FC124FBE8388} = {C9AF670F-8AA0-40B9-A9BB-EE4846278DA4}
	EndGlobalSection
EndGlobal
